
Microsoft Visual Studio Solution File, Format Version 12.00
# Visual Studio Version 16
VisualStudioVersion = 16.0.30320.27
MinimumVisualStudioVersion = 10.0.40219.1
Project("{FAE04EC0-301F-11D3-BF4B-00C04F79EFBC}") = "testUI", "testUI\testUI.csproj", "{356C83B0-69B1-4FE3-8BFF-56FFF83DD4A0}"
EndProject
Global
	GlobalSection(SolutionConfigurationPlatforms) = preSolution
		Debug|Any CPU = Debug|Any CPU
		Release|Any CPU = Release|Any CPU
	EndGlobalSection
	GlobalSection(ProjectConfigurationPlatforms) = postSolution
		{356C83B0-69B1-4FE3-8BFF-56FFF83DD4A0}.Debug|Any CPU.ActiveCfg = Debug|Any CPU
		{356C83B0-69B1-4FE3-8BFF-56FFF83DD4A0}.Debug|Any CPU.Build.0 = Debug|Any CPU
		{356C83B0-69B1-4FE3-8BFF-56FFF83DD4A0}.Release|Any CPU.ActiveCfg = Release|Any CPU
		{356C83B0-69B1-4FE3-8BFF-56FFF83DD4A0}.Release|Any CPU.Build.0 = Release|Any CPU
	EndGlobalSection
	GlobalSection(SolutionProperties) = preSolution
		HideSolutionNode = FALSE
	EndGlobalSection
	GlobalSection(ExtensibilityGlobals) = postSolution
		SolutionGuid = {CC9F738A-CDA6-4727-B109-E2488A287E8E}
	EndGlobalSection
EndGlobal
